
Microsoft Visual Studio Solution File, Format Version 12.00
# Visual Studio 14
VisualStudioVersion = 14.0.24720.0
MinimumVisualStudioVersion = 10.0.40219.1
Project("{00D1A9C2-B5F0-4AF3-8072-F6C62B433612}") = "Database1", "Database1\Database1.sqlproj", "{EB2F8648-E9CF-4621-94E8-988104745058}"
EndProject
Project("{FAE04EC0-301F-11D3-BF4B-00C04F79EFBC}") = "ConsoleApplication1", "ConsoleApplication1\ConsoleApplication1.csproj", "{BE6E6D15-9848-4F4F-BFC9-8620B0DA2E58}"
EndProject
Global
	GlobalSection(SolutionConfigurationPlatforms) = preSolution
		Debug|Any CPU = Debug|Any CPU
		Release|Any CPU = Release|Any CPU
	EndGlobalSection
	GlobalSection(ProjectConfigurationPlatforms) = postSolution
		{EB2F8648-E9CF-4621-94E8-988104745058}.Debug|Any CPU.ActiveCfg = Debug|Any CPU
		{EB2F8648-E9CF-4621-94E8-988104745058}.Debug|Any CPU.Build.0 = Debug|Any CPU
		{EB2F8648-E9CF-4621-94E8-988104745058}.Debug|Any CPU.Deploy.0 = Debug|Any CPU
		{EB2F8648-E9CF-4621-94E8-988104745058}.Release|Any CPU.ActiveCfg = Release|Any CPU
		{EB2F8648-E9CF-4621-94E8-988104745058}.Release|Any CPU.Build.0 = Release|Any CPU
		{EB2F8648-E9CF-4621-94E8-988104745058}.Release|Any CPU.Deploy.0 = Release|Any CPU
		{BE6E6D15-9848-4F4F-BFC9-8620B0DA2E58}.Debug|Any CPU.ActiveCfg = Debug|Any CPU
		{BE6E6D15-9848-4F4F-BFC9-8620B0DA2E58}.Debug|Any CPU.Build.0 = Debug|Any CPU
		{BE6E6D15-9848-4F4F-BFC9-8620B0DA2E58}.Release|Any CPU.ActiveCfg = Release|Any CPU
		{BE6E6D15-9848-4F4F-BFC9-8620B0DA2E58}.Release|Any CPU.Build.0 = Release|Any CPU
	EndGlobalSection
	GlobalSection(SolutionProperties) = preSolution
		HideSolutionNode = FALSE
	EndGlobalSection
EndGlobal
